<?xml version="1.0" encoding="utf-8"?>
<Project ToolsVersion="4.0" xmlns="http://schemas.microsoft.com/developer/msbuild/2003">
  <ItemGroup>
    <Filter Include="Header Files">
      <UniqueIdentifier>{93995380-89BD-4b04-88EB-625FBE52EBFB}</UniqueIdentifier>
      <Extensions>h;hh;hpp;hxx;hm;inl;inc;xsd</Extensions>
    </Filter>
    <Filter Include="UTest">
      <UniqueIdentifier>{84fa4c95-8768-46fc-a040-043408b505f0}</UniqueIdentifier>
    </Filter>
    <Filter Include="UTest\Source Files">
      <UniqueIdentifier>{4FC737F1-C7A5-4376-A066-2A32D752A2FF}</UniqueIdentifier>
      <Extensions>cpp;c;cc;cxx;def;odl;idl;hpj;bat;asm;asmx</Extensions>
    </Filter>
    <Filter Include="UTest\Header Files">
      <UniqueIdentifier>{0efa635d-84dd-4867-acbf-4309103bab86}</UniqueIdentifier>
    </Filter>
  </ItemGroup>
  <ItemGroup>
    <ClInclude Include="..\include\functional.h">
      <Filter>Header Files</Filter>
    </ClInclude>
    <ClInclude Include="..\include\memory.h">
      <Filter>Header Files</Filter>
    </ClInclude>
    <ClInclude Include="..\test\include\test_obj_storage.h">
      <Filter>UTest\Header Files</Filter>
    </ClInclude>
    <ClInclude Include="..\test\include\mock_allocator.h">
      <Filter>UTest\Header Files</Filter>
    </ClInclude>
    <ClInclude Include="..\test\include\test_poly_obj_storage.h">
      <Filter>UTest\Header Files</Filter>
    </ClInclude>
    <ClInclude Include="..\include\poly_vector.h">
      <Filter>Header Files</Filter>
    </ClInclude>
  </ItemGroup>
  <ItemGroup>
    <ClCompile Include="..\test\src\main.cpp">
      <Filter>UTest\Source Files</Filter>
    </ClCompile>
    <ClCompile Include="..\test\src\test.cpp">
      <Filter>UTest\Source Files</Filter>
    </ClCompile>
    <ClCompile Include="..\test\src\test_obj_storage.cpp">
      <Filter>UTest\Source Files</Filter>
    </ClCompile>
    <ClCompile Include="..\test\src\test_poly_obj_storage.cpp">
      <Filter>UTest\Source Files</Filter>
    </ClCompile>
    <ClCompile Include="..\test\src\test_memory_resource.cpp">
      <Filter>UTest\Source Files</Filter>
    </ClCompile>
    <ClCompile Include="..\test\src\test_poly_vector.cpp">
      <Filter>UTest\Source Files</Filter>
    </ClCompile>
  </ItemGroup>
  <ItemGroup>
    <Natvis Include="NatvisFile.natvis" />
  </ItemGroup>
</Project>